
Microsoft Visual Studio Solution File, Format Version 12.00
# Visual Studio Version 16
VisualStudioVersion = 16.0.30011.22
MinimumVisualStudioVersion = 10.0.40219.1
Project("{2150E333-8FDC-42A3-9474-1A3956D46DE8}") = "Source", "Source", "{E2781B1F-F0BD-4BF6-A33B-847E6561B1C8}"
EndProject
Project("{FAE04EC0-301F-11D3-BF4B-00C04F79EFBC}") = "OdysseyPublishers.Domain", "OdysseyPublishers.Domain\OdysseyPublishers.Domain.csproj", "{4C2CE8C4-EA78-4CB2-BB5B-1274DB4C9DF6}"
EndProject
Project("{FAE04EC0-301F-11D3-BF4B-00C04F79EFBC}") = "OdysseyPublishers.Application", "OdysseyPublishers.Application\OdysseyPublishers.Application.csproj", "{1A9DB7BD-7A05-4916-A35F-8EEE5A23496E}"
EndProject
Project("{FAE04EC0-301F-11D3-BF4B-00C04F79EFBC}") = "OdysseyPublishers.Infrastructure", "OdysseyPublishers.Infrastructure\OdysseyPublishers.Infrastructure.csproj", "{1F7A255C-5986-4C42-A05F-A7FC6C4255D8}"
EndProject
Project("{FAE04EC0-301F-11D3-BF4B-00C04F79EFBC}") = "OdysseyPublishers.API", "OdysseyPublishers.API\OdysseyPublishers.API.csproj", "{450467D5-9FF5-4902-B642-908B36B56470}"
EndProject
Global
	GlobalSection(SolutionConfigurationPlatforms) = preSolution
		Debug|Any CPU = Debug|Any CPU
		Release|Any CPU = Release|Any CPU
	EndGlobalSection
	GlobalSection(ProjectConfigurationPlatforms) = postSolution
		{4C2CE8C4-EA78-4CB2-BB5B-1274DB4C9DF6}.Debug|Any CPU.ActiveCfg = Debug|Any CPU
		{4C2CE8C4-EA78-4CB2-BB5B-1274DB4C9DF6}.Debug|Any CPU.Build.0 = Debug|Any CPU
		{4C2CE8C4-EA78-4CB2-BB5B-1274DB4C9DF6}.Release|Any CPU.ActiveCfg = Release|Any CPU
		{4C2CE8C4-EA78-4CB2-BB5B-1274DB4C9DF6}.Release|Any CPU.Build.0 = Release|Any CPU
		{1A9DB7BD-7A05-4916-A35F-8EEE5A23496E}.Debug|Any CPU.ActiveCfg = Debug|Any CPU
		{1A9DB7BD-7A05-4916-A35F-8EEE5A23496E}.Debug|Any CPU.Build.0 = Debug|Any CPU
		{1A9DB7BD-7A05-4916-A35F-8EEE5A23496E}.Release|Any CPU.ActiveCfg = Release|Any CPU
		{1A9DB7BD-7A05-4916-A35F-8EEE5A23496E}.Release|Any CPU.Build.0 = Release|Any CPU
		{1F7A255C-5986-4C42-A05F-A7FC6C4255D8}.Debug|Any CPU.ActiveCfg = Debug|Any CPU
		{1F7A255C-5986-4C42-A05F-A7FC6C4255D8}.Debug|Any CPU.Build.0 = Debug|Any CPU
		{1F7A255C-5986-4C42-A05F-A7FC6C4255D8}.Release|Any CPU.ActiveCfg = Release|Any CPU
		{1F7A255C-5986-4C42-A05F-A7FC6C4255D8}.Release|Any CPU.Build.0 = Release|Any CPU
		{450467D5-9FF5-4902-B642-908B36B56470}.Debug|Any CPU.ActiveCfg = Debug|Any CPU
		{450467D5-9FF5-4902-B642-908B36B56470}.Debug|Any CPU.Build.0 = Debug|Any CPU
		{450467D5-9FF5-4902-B642-908B36B56470}.Release|Any CPU.ActiveCfg = Release|Any CPU
		{450467D5-9FF5-4902-B642-908B36B56470}.Release|Any CPU.Build.0 = Release|Any CPU
	EndGlobalSection
	GlobalSection(SolutionProperties) = preSolution
		HideSolutionNode = FALSE
	EndGlobalSection
	GlobalSection(NestedProjects) = preSolution
		{4C2CE8C4-EA78-4CB2-BB5B-1274DB4C9DF6} = {E2781B1F-F0BD-4BF6-A33B-847E6561B1C8}
		{1A9DB7BD-7A05-4916-A35F-8EEE5A23496E} = {E2781B1F-F0BD-4BF6-A33B-847E6561B1C8}
		{1F7A255C-5986-4C42-A05F-A7FC6C4255D8} = {E2781B1F-F0BD-4BF6-A33B-847E6561B1C8}
		{450467D5-9FF5-4902-B642-908B36B56470} = {E2781B1F-F0BD-4BF6-A33B-847E6561B1C8}
	EndGlobalSection
	GlobalSection(ExtensibilityGlobals) = postSolution
		SolutionGuid = {F54A2E6F-1EA2-427B-B960-F4EFF645909A}
	EndGlobalSection
EndGlobal
