
Microsoft Visual Studio Solution File, Format Version 12.00
# Visual Studio Version 16
VisualStudioVersion = 16.0.30011.22
MinimumVisualStudioVersion = 10.0.40219.1
Project("{2150E333-8FDC-42A3-9474-1A3956D46DE8}") = "Source", "Source", "{E2781B1F-F0BD-4BF6-A33B-847E6561B1C8}"
EndProject
Project("{9A19103F-16F7-4668-BE54-9A1E7A4F7556}") = "API", "OdysseyPublishers.API\API.csproj", "{450467D5-9FF5-4902-B642-908B36B56470}"
EndProject
Project("{9A19103F-16F7-4668-BE54-9A1E7A4F7556}") = "Application", "Application\Application.csproj", "{732FC577-B760-441F-81C5-100BDA5855A9}"
EndProject
Project("{9A19103F-16F7-4668-BE54-9A1E7A4F7556}") = "Domain", "Domain\Domain.csproj", "{717FC2E0-F9A5-4161-848F-105DFA8A506B}"
EndProject
Project("{9A19103F-16F7-4668-BE54-9A1E7A4F7556}") = "Infrastructure", "Infrastructure\Infrastructure.csproj", "{A5DBB2EB-3E49-4E7B-BD47-78794D61EBEA}"
EndProject
Project("{2150E333-8FDC-42A3-9474-1A3956D46DE8}") = "Tests", "Tests", "{64B1B705-5B68-4BC9-8234-5BD0EC4AF16D}"
EndProject
Project("{9A19103F-16F7-4668-BE54-9A1E7A4F7556}") = "Domain.Tests", "Domain.Tests\Domain.Tests.csproj", "{7A3129DE-E708-4621-A4BB-61435A6037A9}"
EndProject
Project("{9A19103F-16F7-4668-BE54-9A1E7A4F7556}") = "Application.Tests", "Application.Tests\Application.Tests.csproj", "{BF896EC4-6A0F-4356-9724-9A36DE59B9A5}"
EndProject
Project("{9A19103F-16F7-4668-BE54-9A1E7A4F7556}") = "Infrastructure.Tests", "Infrastructure.Tests\Infrastructure.Tests.csproj", "{35C68E25-3AF3-4728-8E73-257BEDF0A38B}"
EndProject
Project("{9A19103F-16F7-4668-BE54-9A1E7A4F7556}") = "API.Tests", "API.Tests\API.Tests.csproj", "{909881DB-8046-4D88-8331-1560DE901970}"
EndProject
Project("{2150E333-8FDC-42A3-9474-1A3956D46DE8}") = "Resources", "Resources", "{A1286671-1D2E-476A-ACBF-4EBA5A0178E7}"
	ProjectSection(SolutionItems) = preProject
		Seed.sql = Seed.sql
	EndProjectSection
EndProject
Global
	GlobalSection(SolutionConfigurationPlatforms) = preSolution
		Debug|Any CPU = Debug|Any CPU
		Release|Any CPU = Release|Any CPU
	EndGlobalSection
	GlobalSection(ProjectConfigurationPlatforms) = postSolution
		{450467D5-9FF5-4902-B642-908B36B56470}.Debug|Any CPU.ActiveCfg = Debug|Any CPU
		{450467D5-9FF5-4902-B642-908B36B56470}.Debug|Any CPU.Build.0 = Debug|Any CPU
		{450467D5-9FF5-4902-B642-908B36B56470}.Release|Any CPU.ActiveCfg = Release|Any CPU
		{450467D5-9FF5-4902-B642-908B36B56470}.Release|Any CPU.Build.0 = Release|Any CPU
		{732FC577-B760-441F-81C5-100BDA5855A9}.Debug|Any CPU.ActiveCfg = Debug|Any CPU
		{732FC577-B760-441F-81C5-100BDA5855A9}.Debug|Any CPU.Build.0 = Debug|Any CPU
		{732FC577-B760-441F-81C5-100BDA5855A9}.Release|Any CPU.ActiveCfg = Release|Any CPU
		{732FC577-B760-441F-81C5-100BDA5855A9}.Release|Any CPU.Build.0 = Release|Any CPU
		{717FC2E0-F9A5-4161-848F-105DFA8A506B}.Debug|Any CPU.ActiveCfg = Debug|Any CPU
		{717FC2E0-F9A5-4161-848F-105DFA8A506B}.Debug|Any CPU.Build.0 = Debug|Any CPU
		{717FC2E0-F9A5-4161-848F-105DFA8A506B}.Release|Any CPU.ActiveCfg = Release|Any CPU
		{717FC2E0-F9A5-4161-848F-105DFA8A506B}.Release|Any CPU.Build.0 = Release|Any CPU
		{A5DBB2EB-3E49-4E7B-BD47-78794D61EBEA}.Debug|Any CPU.ActiveCfg = Debug|Any CPU
		{A5DBB2EB-3E49-4E7B-BD47-78794D61EBEA}.Debug|Any CPU.Build.0 = Debug|Any CPU
		{A5DBB2EB-3E49-4E7B-BD47-78794D61EBEA}.Release|Any CPU.ActiveCfg = Release|Any CPU
		{A5DBB2EB-3E49-4E7B-BD47-78794D61EBEA}.Release|Any CPU.Build.0 = Release|Any CPU
		{7A3129DE-E708-4621-A4BB-61435A6037A9}.Debug|Any CPU.ActiveCfg = Debug|Any CPU
		{7A3129DE-E708-4621-A4BB-61435A6037A9}.Debug|Any CPU.Build.0 = Debug|Any CPU
		{7A3129DE-E708-4621-A4BB-61435A6037A9}.Release|Any CPU.ActiveCfg = Release|Any CPU
		{7A3129DE-E708-4621-A4BB-61435A6037A9}.Release|Any CPU.Build.0 = Release|Any CPU
		{BF896EC4-6A0F-4356-9724-9A36DE59B9A5}.Debug|Any CPU.ActiveCfg = Debug|Any CPU
		{BF896EC4-6A0F-4356-9724-9A36DE59B9A5}.Debug|Any CPU.Build.0 = Debug|Any CPU
		{BF896EC4-6A0F-4356-9724-9A36DE59B9A5}.Release|Any CPU.ActiveCfg = Release|Any CPU
		{BF896EC4-6A0F-4356-9724-9A36DE59B9A5}.Release|Any CPU.Build.0 = Release|Any CPU
		{35C68E25-3AF3-4728-8E73-257BEDF0A38B}.Debug|Any CPU.ActiveCfg = Debug|Any CPU
		{35C68E25-3AF3-4728-8E73-257BEDF0A38B}.Debug|Any CPU.Build.0 = Debug|Any CPU
		{35C68E25-3AF3-4728-8E73-257BEDF0A38B}.Release|Any CPU.ActiveCfg = Release|Any CPU
		{35C68E25-3AF3-4728-8E73-257BEDF0A38B}.Release|Any CPU.Build.0 = Release|Any CPU
		{909881DB-8046-4D88-8331-1560DE901970}.Debug|Any CPU.ActiveCfg = Debug|Any CPU
		{909881DB-8046-4D88-8331-1560DE901970}.Debug|Any CPU.Build.0 = Debug|Any CPU
		{909881DB-8046-4D88-8331-1560DE901970}.Release|Any CPU.ActiveCfg = Release|Any CPU
		{909881DB-8046-4D88-8331-1560DE901970}.Release|Any CPU.Build.0 = Release|Any CPU
	EndGlobalSection
	GlobalSection(SolutionProperties) = preSolution
		HideSolutionNode = FALSE
	EndGlobalSection
	GlobalSection(NestedProjects) = preSolution
		{450467D5-9FF5-4902-B642-908B36B56470} = {E2781B1F-F0BD-4BF6-A33B-847E6561B1C8}
		{732FC577-B760-441F-81C5-100BDA5855A9} = {E2781B1F-F0BD-4BF6-A33B-847E6561B1C8}
		{717FC2E0-F9A5-4161-848F-105DFA8A506B} = {E2781B1F-F0BD-4BF6-A33B-847E6561B1C8}
		{A5DBB2EB-3E49-4E7B-BD47-78794D61EBEA} = {E2781B1F-F0BD-4BF6-A33B-847E6561B1C8}
		{7A3129DE-E708-4621-A4BB-61435A6037A9} = {64B1B705-5B68-4BC9-8234-5BD0EC4AF16D}
		{BF896EC4-6A0F-4356-9724-9A36DE59B9A5} = {64B1B705-5B68-4BC9-8234-5BD0EC4AF16D}
		{35C68E25-3AF3-4728-8E73-257BEDF0A38B} = {64B1B705-5B68-4BC9-8234-5BD0EC4AF16D}
		{909881DB-8046-4D88-8331-1560DE901970} = {64B1B705-5B68-4BC9-8234-5BD0EC4AF16D}
	EndGlobalSection
	GlobalSection(ExtensibilityGlobals) = postSolution
		SolutionGuid = {F54A2E6F-1EA2-427B-B960-F4EFF645909A}
	EndGlobalSection
EndGlobal
